
Microsoft Visual Studio Solution File, Format Version 12.00
# Visual Studio 15
VisualStudioVersion = 15.0.27130.2020
MinimumVisualStudioVersion = 10.0.40219.1
Project("{9A19103F-16F7-4668-BE54-9A1E7A4F7556}") = "LAB", "LAB\LAB.csproj", "{80ACA3B7-4F92-4DCC-829C-7B5CDFFE5D36}"
EndProject
Project("{9A19103F-16F7-4668-BE54-9A1E7A4F7556}") = "Unit.01", "Unit.01\Unit.01.csproj", "{C67BA03E-0023-45E6-ACE9-74CE2533EF4E}"
EndProject
Project("{9A19103F-16F7-4668-BE54-9A1E7A4F7556}") = "unit.02", "unit.02\unit.02.csproj", "{460F27B4-6525-4B22-BBD2-6685868414C9}"
EndProject
Project("{9A19103F-16F7-4668-BE54-9A1E7A4F7556}") = "Reverse Strings", "Reverse Strings\Reverse Strings.csproj", "{F7387BA2-8022-48F5-A117-58AEE6DFCAA8}"
EndProject
Project("{9A19103F-16F7-4668-BE54-9A1E7A4F7556}") = "Repeat Strings", "Repeat Strings\Repeat Strings.csproj", "{153F07EF-9384-46EB-8D61-A586E72488ED}"
EndProject
Project("{9A19103F-16F7-4668-BE54-9A1E7A4F7556}") = "Substring", "Substring\Substring.csproj", "{D4D513CC-D7E5-485C-8133-FF2EBE514084}"
EndProject
Project("{9A19103F-16F7-4668-BE54-9A1E7A4F7556}") = "Text Filter", "Text Filter\Text Filter.csproj", "{8F47DD7A-624F-4FDB-A429-7E74EC43C914}"
EndProject
Project("{9A19103F-16F7-4668-BE54-9A1E7A4F7556}") = "Digits, Letters and Other", "Digits, Letters and Other\Digits, Letters and Other.csproj", "{EB6A6D7E-CEE0-47D4-9B05-FB22B53A8733}"
EndProject
Project("{FAE04EC0-301F-11D3-BF4B-00C04F79EFBC}") = "String Explosion", "String Explosion\String Explosion.csproj", "{CFD26B17-381B-429F-8E17-1055CE6F53E9}"
EndProject
Global
	GlobalSection(SolutionConfigurationPlatforms) = preSolution
		Debug|Any CPU = Debug|Any CPU
		Release|Any CPU = Release|Any CPU
	EndGlobalSection
	GlobalSection(ProjectConfigurationPlatforms) = postSolution
		{80ACA3B7-4F92-4DCC-829C-7B5CDFFE5D36}.Debug|Any CPU.ActiveCfg = Debug|Any CPU
		{80ACA3B7-4F92-4DCC-829C-7B5CDFFE5D36}.Debug|Any CPU.Build.0 = Debug|Any CPU
		{80ACA3B7-4F92-4DCC-829C-7B5CDFFE5D36}.Release|Any CPU.ActiveCfg = Release|Any CPU
		{80ACA3B7-4F92-4DCC-829C-7B5CDFFE5D36}.Release|Any CPU.Build.0 = Release|Any CPU
		{C67BA03E-0023-45E6-ACE9-74CE2533EF4E}.Debug|Any CPU.ActiveCfg = Debug|Any CPU
		{C67BA03E-0023-45E6-ACE9-74CE2533EF4E}.Debug|Any CPU.Build.0 = Debug|Any CPU
		{C67BA03E-0023-45E6-ACE9-74CE2533EF4E}.Release|Any CPU.ActiveCfg = Release|Any CPU
		{C67BA03E-0023-45E6-ACE9-74CE2533EF4E}.Release|Any CPU.Build.0 = Release|Any CPU
		{460F27B4-6525-4B22-BBD2-6685868414C9}.Debug|Any CPU.ActiveCfg = Debug|Any CPU
		{460F27B4-6525-4B22-BBD2-6685868414C9}.Debug|Any CPU.Build.0 = Debug|Any CPU
		{460F27B4-6525-4B22-BBD2-6685868414C9}.Release|Any CPU.ActiveCfg = Release|Any CPU
		{460F27B4-6525-4B22-BBD2-6685868414C9}.Release|Any CPU.Build.0 = Release|Any CPU
		{F7387BA2-8022-48F5-A117-58AEE6DFCAA8}.Debug|Any CPU.ActiveCfg = Debug|Any CPU
		{F7387BA2-8022-48F5-A117-58AEE6DFCAA8}.Debug|Any CPU.Build.0 = Debug|Any CPU
		{F7387BA2-8022-48F5-A117-58AEE6DFCAA8}.Release|Any CPU.ActiveCfg = Release|Any CPU
		{F7387BA2-8022-48F5-A117-58AEE6DFCAA8}.Release|Any CPU.Build.0 = Release|Any CPU
		{153F07EF-9384-46EB-8D61-A586E72488ED}.Debug|Any CPU.ActiveCfg = Debug|Any CPU
		{153F07EF-9384-46EB-8D61-A586E72488ED}.Debug|Any CPU.Build.0 = Debug|Any CPU
		{153F07EF-9384-46EB-8D61-A586E72488ED}.Release|Any CPU.ActiveCfg = Release|Any CPU
		{153F07EF-9384-46EB-8D61-A586E72488ED}.Release|Any CPU.Build.0 = Release|Any CPU
		{D4D513CC-D7E5-485C-8133-FF2EBE514084}.Debug|Any CPU.ActiveCfg = Debug|Any CPU
		{D4D513CC-D7E5-485C-8133-FF2EBE514084}.Debug|Any CPU.Build.0 = Debug|Any CPU
		{D4D513CC-D7E5-485C-8133-FF2EBE514084}.Release|Any CPU.ActiveCfg = Release|Any CPU
		{D4D513CC-D7E5-485C-8133-FF2EBE514084}.Release|Any CPU.Build.0 = Release|Any CPU
		{8F47DD7A-624F-4FDB-A429-7E74EC43C914}.Debug|Any CPU.ActiveCfg = Debug|Any CPU
		{8F47DD7A-624F-4FDB-A429-7E74EC43C914}.Debug|Any CPU.Build.0 = Debug|Any CPU
		{8F47DD7A-624F-4FDB-A429-7E74EC43C914}.Release|Any CPU.ActiveCfg = Release|Any CPU
		{8F47DD7A-624F-4FDB-A429-7E74EC43C914}.Release|Any CPU.Build.0 = Release|Any CPU
		{EB6A6D7E-CEE0-47D4-9B05-FB22B53A8733}.Debug|Any CPU.ActiveCfg = Debug|Any CPU
		{EB6A6D7E-CEE0-47D4-9B05-FB22B53A8733}.Debug|Any CPU.Build.0 = Debug|Any CPU
		{EB6A6D7E-CEE0-47D4-9B05-FB22B53A8733}.Release|Any CPU.ActiveCfg = Release|Any CPU
		{EB6A6D7E-CEE0-47D4-9B05-FB22B53A8733}.Release|Any CPU.Build.0 = Release|Any CPU
		{CFD26B17-381B-429F-8E17-1055CE6F53E9}.Debug|Any CPU.ActiveCfg = Debug|Any CPU
		{CFD26B17-381B-429F-8E17-1055CE6F53E9}.Debug|Any CPU.Build.0 = Debug|Any CPU
		{CFD26B17-381B-429F-8E17-1055CE6F53E9}.Release|Any CPU.ActiveCfg = Release|Any CPU
		{CFD26B17-381B-429F-8E17-1055CE6F53E9}.Release|Any CPU.Build.0 = Release|Any CPU
	EndGlobalSection
	GlobalSection(SolutionProperties) = preSolution
		HideSolutionNode = FALSE
	EndGlobalSection
	GlobalSection(ExtensibilityGlobals) = postSolution
		SolutionGuid = {6A9253EC-C4D9-4BC1-8343-51D1A64356E4}
	EndGlobalSection
EndGlobal
