
Microsoft Visual Studio Solution File, Format Version 12.00
# Visual Studio 15
VisualStudioVersion = 15.0.28307.902
MinimumVisualStudioVersion = 10.0.40219.1
Project("{9A19103F-16F7-4668-BE54-9A1E7A4F7556}") = "01", "01\01.csproj", "{8E4A5228-1413-4BAE-ABBE-8A784D8E53A7}"
EndProject
Project("{9A19103F-16F7-4668-BE54-9A1E7A4F7556}") = "03. Minion Names", "03. Minion Names\03. Minion Names.csproj", "{FD234F58-8060-4BA6-8905-F1A74EEFA8A9}"
EndProject
Project("{9A19103F-16F7-4668-BE54-9A1E7A4F7556}") = "04.4. Add Minion", "04.4. Add Minion\04.4. Add Minion.csproj", "{DE1F256E-30FB-4018-AC55-75213CD7C376}"
EndProject
Project("{9A19103F-16F7-4668-BE54-9A1E7A4F7556}") = "05. Change Town Names Casing", "05. Change Town Names Casing\05. Change Town Names Casing.csproj", "{B5B87E6F-ECD3-4DD1-9CC9-DF6D0C07FE84}"
EndProject
Project("{9A19103F-16F7-4668-BE54-9A1E7A4F7556}") = "06", "06\06.csproj", "{2AB7FB7C-521E-4F5D-A427-F57AD8488D67}"
EndProject
Project("{FAE04EC0-301F-11D3-BF4B-00C04F79EFBC}") = "7. Print All Minion Names", "7. Print All Minion Names\7. Print All Minion Names.csproj", "{B0010C78-2C82-49B1-9FE2-63E95434FF79}"
EndProject
Project("{FAE04EC0-301F-11D3-BF4B-00C04F79EFBC}") = "8. Increase Minion Age", "8. Increase Minion Age\8. Increase Minion Age.csproj", "{4B193A95-EB84-4EDE-8ADB-40487DBA5160}"
EndProject
Global
	GlobalSection(SolutionConfigurationPlatforms) = preSolution
		Debug|Any CPU = Debug|Any CPU
		Release|Any CPU = Release|Any CPU
	EndGlobalSection
	GlobalSection(ProjectConfigurationPlatforms) = postSolution
		{8E4A5228-1413-4BAE-ABBE-8A784D8E53A7}.Debug|Any CPU.ActiveCfg = Debug|Any CPU
		{8E4A5228-1413-4BAE-ABBE-8A784D8E53A7}.Debug|Any CPU.Build.0 = Debug|Any CPU
		{8E4A5228-1413-4BAE-ABBE-8A784D8E53A7}.Release|Any CPU.ActiveCfg = Release|Any CPU
		{8E4A5228-1413-4BAE-ABBE-8A784D8E53A7}.Release|Any CPU.Build.0 = Release|Any CPU
		{FD234F58-8060-4BA6-8905-F1A74EEFA8A9}.Debug|Any CPU.ActiveCfg = Debug|Any CPU
		{FD234F58-8060-4BA6-8905-F1A74EEFA8A9}.Debug|Any CPU.Build.0 = Debug|Any CPU
		{FD234F58-8060-4BA6-8905-F1A74EEFA8A9}.Release|Any CPU.ActiveCfg = Release|Any CPU
		{FD234F58-8060-4BA6-8905-F1A74EEFA8A9}.Release|Any CPU.Build.0 = Release|Any CPU
		{DE1F256E-30FB-4018-AC55-75213CD7C376}.Debug|Any CPU.ActiveCfg = Debug|Any CPU
		{DE1F256E-30FB-4018-AC55-75213CD7C376}.Debug|Any CPU.Build.0 = Debug|Any CPU
		{DE1F256E-30FB-4018-AC55-75213CD7C376}.Release|Any CPU.ActiveCfg = Release|Any CPU
		{DE1F256E-30FB-4018-AC55-75213CD7C376}.Release|Any CPU.Build.0 = Release|Any CPU
		{B5B87E6F-ECD3-4DD1-9CC9-DF6D0C07FE84}.Debug|Any CPU.ActiveCfg = Debug|Any CPU
		{B5B87E6F-ECD3-4DD1-9CC9-DF6D0C07FE84}.Debug|Any CPU.Build.0 = Debug|Any CPU
		{B5B87E6F-ECD3-4DD1-9CC9-DF6D0C07FE84}.Release|Any CPU.ActiveCfg = Release|Any CPU
		{B5B87E6F-ECD3-4DD1-9CC9-DF6D0C07FE84}.Release|Any CPU.Build.0 = Release|Any CPU
		{2AB7FB7C-521E-4F5D-A427-F57AD8488D67}.Debug|Any CPU.ActiveCfg = Debug|Any CPU
		{2AB7FB7C-521E-4F5D-A427-F57AD8488D67}.Debug|Any CPU.Build.0 = Debug|Any CPU
		{2AB7FB7C-521E-4F5D-A427-F57AD8488D67}.Release|Any CPU.ActiveCfg = Release|Any CPU
		{2AB7FB7C-521E-4F5D-A427-F57AD8488D67}.Release|Any CPU.Build.0 = Release|Any CPU
		{B0010C78-2C82-49B1-9FE2-63E95434FF79}.Debug|Any CPU.ActiveCfg = Debug|Any CPU
		{B0010C78-2C82-49B1-9FE2-63E95434FF79}.Debug|Any CPU.Build.0 = Debug|Any CPU
		{B0010C78-2C82-49B1-9FE2-63E95434FF79}.Release|Any CPU.ActiveCfg = Release|Any CPU
		{B0010C78-2C82-49B1-9FE2-63E95434FF79}.Release|Any CPU.Build.0 = Release|Any CPU
		{4B193A95-EB84-4EDE-8ADB-40487DBA5160}.Debug|Any CPU.ActiveCfg = Debug|Any CPU
		{4B193A95-EB84-4EDE-8ADB-40487DBA5160}.Debug|Any CPU.Build.0 = Debug|Any CPU
		{4B193A95-EB84-4EDE-8ADB-40487DBA5160}.Release|Any CPU.ActiveCfg = Release|Any CPU
		{4B193A95-EB84-4EDE-8ADB-40487DBA5160}.Release|Any CPU.Build.0 = Release|Any CPU
	EndGlobalSection
	GlobalSection(SolutionProperties) = preSolution
		HideSolutionNode = FALSE
	EndGlobalSection
	GlobalSection(ExtensibilityGlobals) = postSolution
		SolutionGuid = {57359481-6BE6-40EE-A355-4BE75C989814}
	EndGlobalSection
EndGlobal
