
Microsoft Visual Studio Solution File, Format Version 12.00
# Visual Studio 15
VisualStudioVersion = 15.0.28307.271
MinimumVisualStudioVersion = 10.0.40219.1
Project("{FAE04EC0-301F-11D3-BF4B-00C04F79EFBC}") = "P01_HospitalDatabase", "P01_HospitalDatabase\P01_HospitalDatabase.csproj", "{ADA898D7-38A4-4E6A-AB26-886DE39BD9A5}"
EndProject
Global
	GlobalSection(SolutionConfigurationPlatforms) = preSolution
		Debug|Any CPU = Debug|Any CPU
		Release|Any CPU = Release|Any CPU
	EndGlobalSection
	GlobalSection(ProjectConfigurationPlatforms) = postSolution
		{ADA898D7-38A4-4E6A-AB26-886DE39BD9A5}.Debug|Any CPU.ActiveCfg = Debug|Any CPU
		{ADA898D7-38A4-4E6A-AB26-886DE39BD9A5}.Debug|Any CPU.Build.0 = Debug|Any CPU
		{ADA898D7-38A4-4E6A-AB26-886DE39BD9A5}.Release|Any CPU.ActiveCfg = Release|Any CPU
		{ADA898D7-38A4-4E6A-AB26-886DE39BD9A5}.Release|Any CPU.Build.0 = Release|Any CPU
	EndGlobalSection
	GlobalSection(SolutionProperties) = preSolution
		HideSolutionNode = FALSE
	EndGlobalSection
	GlobalSection(ExtensibilityGlobals) = postSolution
		SolutionGuid = {DEDA6E46-672F-4A8E-BD42-F056427D95BA}
	EndGlobalSection
EndGlobal
