
Microsoft Visual Studio Solution File, Format Version 12.00
# Visual Studio Version 17
VisualStudioVersion = 17.1.32210.238
MinimumVisualStudioVersion = 10.0.40219.1
Project("{9A19103F-16F7-4668-BE54-9A1E7A4F7556}") = "ConsoleApp1", "ConsoleApp1.csproj", "{B69717B6-B3EC-49D3-B1A8-DA5E6ADBEF4C}"
EndProject
Global
	GlobalSection(SolutionConfigurationPlatforms) = preSolution
		Debug|Any CPU = Debug|Any CPU
		Release|Any CPU = Release|Any CPU
	EndGlobalSection
	GlobalSection(ProjectConfigurationPlatforms) = postSolution
		{B69717B6-B3EC-49D3-B1A8-DA5E6ADBEF4C}.Debug|Any CPU.ActiveCfg = Debug|Any CPU
		{B69717B6-B3EC-49D3-B1A8-DA5E6ADBEF4C}.Debug|Any CPU.Build.0 = Debug|Any CPU
		{B69717B6-B3EC-49D3-B1A8-DA5E6ADBEF4C}.Release|Any CPU.ActiveCfg = Release|Any CPU
		{B69717B6-B3EC-49D3-B1A8-DA5E6ADBEF4C}.Release|Any CPU.Build.0 = Release|Any CPU
	EndGlobalSection
	GlobalSection(SolutionProperties) = preSolution
		HideSolutionNode = FALSE
	EndGlobalSection
	GlobalSection(ExtensibilityGlobals) = postSolution
		SolutionGuid = {9C9AAC80-499E-4624-97CC-C94394A59FF2}
	EndGlobalSection
EndGlobal
