
Microsoft Visual Studio Solution File, Format Version 12.00
# Visual Studio 15
VisualStudioVersion = 15.0.28307.271
MinimumVisualStudioVersion = 10.0.40219.1
Project("{FAE04EC0-301F-11D3-BF4B-00C04F79EFBC}") = "CodeFirst", "CodeFirst\CodeFirst.csproj", "{74C59AC9-85EE-46E1-9227-CFA36F0A52DB}"
EndProject
Global
	GlobalSection(SolutionConfigurationPlatforms) = preSolution
		Debug|Any CPU = Debug|Any CPU
		Release|Any CPU = Release|Any CPU
	EndGlobalSection
	GlobalSection(ProjectConfigurationPlatforms) = postSolution
		{74C59AC9-85EE-46E1-9227-CFA36F0A52DB}.Debug|Any CPU.ActiveCfg = Debug|Any CPU
		{74C59AC9-85EE-46E1-9227-CFA36F0A52DB}.Debug|Any CPU.Build.0 = Debug|Any CPU
		{74C59AC9-85EE-46E1-9227-CFA36F0A52DB}.Release|Any CPU.ActiveCfg = Release|Any CPU
		{74C59AC9-85EE-46E1-9227-CFA36F0A52DB}.Release|Any CPU.Build.0 = Release|Any CPU
	EndGlobalSection
	GlobalSection(SolutionProperties) = preSolution
		HideSolutionNode = FALSE
	EndGlobalSection
	GlobalSection(ExtensibilityGlobals) = postSolution
		SolutionGuid = {1C301ECF-392D-416B-8DC8-C08252A8EE36}
	EndGlobalSection
EndGlobal
