
Microsoft Visual Studio Solution File, Format Version 12.00
# Visual Studio Version 16
VisualStudioVersion = 16.0.31205.134
MinimumVisualStudioVersion = 10.0.40219.1
Project("{FAE04EC0-301F-11D3-BF4B-00C04F79EFBC}") = "01", "01\01.csproj", "{3FD24560-A5CB-4F8D-95AF-85A04389F78D}"
EndProject
Project("{FAE04EC0-301F-11D3-BF4B-00C04F79EFBC}") = "02", "02\02.csproj", "{2D4CA8A7-6B06-49DC-A667-7C5CB5B590EC}"
EndProject
Global
	GlobalSection(SolutionConfigurationPlatforms) = preSolution
		Debug|Any CPU = Debug|Any CPU
		Release|Any CPU = Release|Any CPU
	EndGlobalSection
	GlobalSection(ProjectConfigurationPlatforms) = postSolution
		{3FD24560-A5CB-4F8D-95AF-85A04389F78D}.Debug|Any CPU.ActiveCfg = Debug|Any CPU
		{3FD24560-A5CB-4F8D-95AF-85A04389F78D}.Debug|Any CPU.Build.0 = Debug|Any CPU
		{3FD24560-A5CB-4F8D-95AF-85A04389F78D}.Release|Any CPU.ActiveCfg = Release|Any CPU
		{3FD24560-A5CB-4F8D-95AF-85A04389F78D}.Release|Any CPU.Build.0 = Release|Any CPU
		{2D4CA8A7-6B06-49DC-A667-7C5CB5B590EC}.Debug|Any CPU.ActiveCfg = Debug|Any CPU
		{2D4CA8A7-6B06-49DC-A667-7C5CB5B590EC}.Debug|Any CPU.Build.0 = Debug|Any CPU
		{2D4CA8A7-6B06-49DC-A667-7C5CB5B590EC}.Release|Any CPU.ActiveCfg = Release|Any CPU
		{2D4CA8A7-6B06-49DC-A667-7C5CB5B590EC}.Release|Any CPU.Build.0 = Release|Any CPU
	EndGlobalSection
	GlobalSection(SolutionProperties) = preSolution
		HideSolutionNode = FALSE
	EndGlobalSection
	GlobalSection(ExtensibilityGlobals) = postSolution
		SolutionGuid = {C9B9E479-8296-43B3-B42E-14DBAE790FBA}
	EndGlobalSection
EndGlobal
